
Microsoft Visual Studio Solution File, Format Version 12.00
# Visual Studio Version 16
VisualStudioVersion = 16.0.32106.194
MinimumVisualStudioVersion = 10.0.40219.1
Project("{FAE04EC0-301F-11D3-BF4B-00C04F79EFBC}") = "Hotel", "Hotel\Hotel.csproj", "{17DFC889-A9E2-4881-98F8-99C852C5127E}"
EndProject
Global
	GlobalSection(SolutionConfigurationPlatforms) = preSolution
		Debug|Any CPU = Debug|Any CPU
		Release|Any CPU = Release|Any CPU
	EndGlobalSection
	GlobalSection(ProjectConfigurationPlatforms) = postSolution
		{17DFC889-A9E2-4881-98F8-99C852C5127E}.Debug|Any CPU.ActiveCfg = Debug|Any CPU
		{17DFC889-A9E2-4881-98F8-99C852C5127E}.Debug|Any CPU.Build.0 = Debug|Any CPU
		{17DFC889-A9E2-4881-98F8-99C852C5127E}.Release|Any CPU.ActiveCfg = Release|Any CPU
		{17DFC889-A9E2-4881-98F8-99C852C5127E}.Release|Any CPU.Build.0 = Release|Any CPU
	EndGlobalSection
	GlobalSection(SolutionProperties) = preSolution
		HideSolutionNode = FALSE
	EndGlobalSection
	GlobalSection(ExtensibilityGlobals) = postSolution
		SolutionGuid = {D96C3380-D73B-4A30-981D-26AD1DC30202}
	EndGlobalSection
EndGlobal
